Microsoft Visual Studio Solution File, Format Version 12.00
# Visual Studio 15
VisualStudioVersion = 15.0.27428.2037
MinimumVisualStudioVersion = 10.0.40219.1
Project("{9A19103F-16F7-4668-BE54-9A1E7A4F7556}") = "Id3.Net", "Id3.Net\Id3.Net.csproj", "{8F72B2A0-D261-402A-85F9-F735169FFD7B}"
EndProject
Project("{9A19103F-16F7-4668-BE54-9A1E7A4F7556}") = "Id3.Net.Tests", "Id3.Net.Tests\Id3.Net.Tests.csproj", "{717F6A86-1C52-406D-91A8-9489641F9F35}"
EndProject
Global
	GlobalSection(SolutionConfigurationPlatforms) = preSolution
		Debug|Any CPU = Debug|Any CPU
		Debug|x64 = Debug|x64
		Debug|x86 = Debug|x86
		Release|Any CPU = Release|Any CPU
		Release|x64 = Release|x64
		Release|x86 = Release|x86
	EndGlobalSection
	GlobalSection(ProjectConfigurationPlatforms) = postSolution
		{8F72B2A0-D261-402A-85F9-F735169FFD7B}.Debug|Any CPU.ActiveCfg = Debug|Any CPU
		{8F72B2A0-D261-402A-85F9-F735169FFD7B}.Debug|Any CPU.Build.0 = Debug|Any CPU
		{8F72B2A0-D261-402A-85F9-F735169FFD7B}.Debug|x64.ActiveCfg = Debug|Any CPU
		{8F72B2A0-D261-402A-85F9-F735169FFD7B}.Debug|x64.Build.0 = Debug|Any CPU
		{8F72B2A0-D261-402A-85F9-F735169FFD7B}.Debug|x86.ActiveCfg = Debug|Any CPU
		{8F72B2A0-D261-402A-85F9-F735169FFD7B}.Debug|x86.Build.0 = Debug|Any CPU
		{8F72B2A0-D261-402A-85F9-F735169FFD7B}.Release|Any CPU.ActiveCfg = Release|Any CPU
		{8F72B2A0-D261-402A-85F9-F735169FFD7B}.Release|Any CPU.Build.0 = Release|Any CPU
		{8F72B2A0-D261-402A-85F9-F735169FFD7B}.Release|x64.ActiveCfg = Release|Any CPU
		{8F72B2A0-D261-402A-85F9-F735169FFD7B}.Release|x64.Build.0 = Release|Any CPU
		{8F72B2A0-D261-402A-85F9-F735169FFD7B}.Release|x86.ActiveCfg = Release|Any CPU
		{8F72B2A0-D261-402A-85F9-F735169FFD7B}.Release|x86.Build.0 = Release|Any CPU
		{717F6A86-1C52-406D-91A8-9489641F9F35}.Debug|Any CPU.ActiveCfg = Debug|Any CPU
		{717F6A86-1C52-406D-91A8-9489641F9F35}.Debug|Any CPU.Build.0 = Debug|Any CPU
		{717F6A86-1C52-406D-91A8-9489641F9F35}.Debug|x64.ActiveCfg = Debug|Any CPU
		{717F6A86-1C52-406D-91A8-9489641F9F35}.Debug|x64.Build.0 = Debug|Any CPU
		{717F6A86-1C52-406D-91A8-9489641F9F35}.Debug|x86.ActiveCfg = Debug|Any CPU
		{717F6A86-1C52-406D-91A8-9489641F9F35}.Debug|x86.Build.0 = Debug|Any CPU
		{717F6A86-1C52-406D-91A8-9489641F9F35}.Release|Any CPU.ActiveCfg = Release|Any CPU
		{717F6A86-1C52-406D-91A8-9489641F9F35}.Release|Any CPU.Build.0 = Release|Any CPU
		{717F6A86-1C52-406D-91A8-9489641F9F35}.Release|x64.ActiveCfg = Release|Any CPU
		{717F6A86-1C52-406D-91A8-9489641F9F35}.Release|x64.Build.0 = Release|Any CPU
		{717F6A86-1C52-406D-91A8-9489641F9F35}.Release|x86.ActiveCfg = Release|Any CPU
		{717F6A86-1C52-406D-91A8-9489641F9F35}.Release|x86.Build.0 = Release|Any CPU
	EndGlobalSection
	GlobalSection(SolutionProperties) = preSolution
		HideSolutionNode = FALSE
	EndGlobalSection
	GlobalSection(ExtensibilityGlobals) = postSolution
		SolutionGuid = {5747574F-3351-4A3F-8237-7ECFC5349175}
	EndGlobalSection
EndGlobal
