
Microsoft Visual Studio Solution File, Format Version 12.00
# Visual Studio 15
VisualStudioVersion = 15.0.27428.2037
MinimumVisualStudioVersion = 10.0.40219.1
Project("{FAE04EC0-301F-11D3-BF4B-00C04F79EFBC}") = "Id3.Net", "Id3.Net\Id3.Net.csproj", "{8F72B2A0-D261-402A-85F9-F735169FFD7B}"
EndProject
Global
	GlobalSection(SolutionConfigurationPlatforms) = preSolution
		Debug|Any CPU = Debug|Any CPU
		Release|Any CPU = Release|Any CPU
	EndGlobalSection
	GlobalSection(ProjectConfigurationPlatforms) = postSolution
		{8F72B2A0-D261-402A-85F9-F735169FFD7B}.Debug|Any CPU.ActiveCfg = Debug|Any CPU
		{8F72B2A0-D261-402A-85F9-F735169FFD7B}.Debug|Any CPU.Build.0 = Debug|Any CPU
		{8F72B2A0-D261-402A-85F9-F735169FFD7B}.Release|Any CPU.ActiveCfg = Release|Any CPU
		{8F72B2A0-D261-402A-85F9-F735169FFD7B}.Release|Any CPU.Build.0 = Release|Any CPU
	EndGlobalSection
	GlobalSection(SolutionProperties) = preSolution
		HideSolutionNode = FALSE
	EndGlobalSection
	GlobalSection(ExtensibilityGlobals) = postSolution
		SolutionGuid = {5747574F-3351-4A3F-8237-7ECFC5349175}
	EndGlobalSection
EndGlobal
